
Microsoft Visual Studio Solution File, Format Version 12.00
# Visual Studio Version 17
VisualStudioVersion = 17.9.34616.47
MinimumVisualStudioVersion = 10.0.40219.1
Project("{9A19103F-16F7-4668-BE54-9A1E7A4F7556}") = "WebAPI", "WebAPI\WebAPI.csproj", "{FCB190EE-4F8D-4D07-AE58-64C1C5918965}"
EndProject
Global
	GlobalSection(SolutionConfigurationPlatforms) = preSolution
		Debug|Any CPU = Debug|Any CPU
		Release|Any CPU = Release|Any CPU
	EndGlobalSection
	GlobalSection(ProjectConfigurationPlatforms) = postSolution
		{FCB190EE-4F8D-4D07-AE58-64C1C5918965}.Debug|Any CPU.ActiveCfg = Debug|Any CPU
		{FCB190EE-4F8D-4D07-AE58-64C1C5918965}.Debug|Any CPU.Build.0 = Debug|Any CPU
		{FCB190EE-4F8D-4D07-AE58-64C1C5918965}.Release|Any CPU.ActiveCfg = Release|Any CPU
		{FCB190EE-4F8D-4D07-AE58-64C1C5918965}.Release|Any CPU.Build.0 = Release|Any CPU
	EndGlobalSection
	GlobalSection(SolutionProperties) = preSolution
		HideSolutionNode = FALSE
	EndGlobalSection
	GlobalSection(ExtensibilityGlobals) = postSolution
		SolutionGuid = {DCBC2A90-6F1C-4D32-B236-5A0627947924}
	EndGlobalSection
EndGlobal
